{
  "version": "3",
  "packages": {
    "specifiers": {
      "jsr:@std/cli@1.0.6": "jsr:@std/cli@1.0.6",
      "jsr:@std/path@1.0.6": "jsr:@std/path@1.0.6",
      "npm:octokit@^5.0.3": "npm:octokit@5.0.3_@octokit+core@7.0.2"
    },
    "jsr": {
      "@std/cli@1.0.6": {
        "integrity": "d22d8b38c66c666d7ad1f2a66c5b122da1704f985d3c47f01129f05abb6c5d3d"
      },
      "@std/path@1.0.6": {
        "integrity": "ab2c55f902b380cf28e0eec501b4906e4c1960d13f00e11cfbcd21de15f18fed"
      }
    },
    "npm": {
      "@octokit/app@16.0.1_@octokit+core@7.0.2": {
        "integrity": "sha512-kgTeTsWmpUX+s3Fs4EK4w1K+jWCDB6ClxLSWUWTyhlw7+L3jHtuXDR4QtABu2GsmCMdk67xRhruiXotS3ay3Yw==",
        "dependencies": {
          "@octokit/auth-app": "@octokit/auth-app@8.0.1",
          "@octokit/auth-unauthenticated": "@octokit/auth-unauthenticated@7.0.1",
          "@octokit/core": "@octokit/core@7.0.2",
          "@octokit/oauth-app": "@octokit/oauth-app@8.0.1",
          "@octokit/plugin-paginate-rest": "@octokit/plugin-paginate-rest@13.1.0_@octokit+core@7.0.2",
          "@octokit/types": "@octokit/types@14.1.0",
          "@octokit/webhooks": "@octokit/webhooks@14.0.2"
        }
      },
      "@octokit/auth-app@8.0.1": {
        "integrity": "sha512-P2J5pB3pjiGwtJX4WqJVYCtNkcZ+j5T2Wm14aJAEIC3WJOrv12jvBley3G1U/XI8q9o1A7QMG54LiFED2BiFlg==",
        "dependencies": {
          "@octokit/auth-oauth-app": "@octokit/auth-oauth-app@9.0.1",
          "@octokit/auth-oauth-user": "@octokit/auth-oauth-user@6.0.0",
          "@octokit/request": "@octokit/request@10.0.3",
          "@octokit/request-error": "@octokit/request-error@7.0.0",
          "@octokit/types": "@octokit/types@14.1.0",
          "toad-cache": "toad-cache@3.7.0",
          "universal-github-app-jwt": "universal-github-app-jwt@2.2.2",
          "universal-user-agent": "universal-user-agent@7.0.3"
        }
      },
      "@octokit/auth-oauth-app@9.0.1": {
        "integrity": "sha512-TthWzYxuHKLAbmxdFZwFlmwVyvynpyPmjwc+2/cI3cvbT7mHtsAW9b1LvQaNnAuWL+pFnqtxdmrU8QpF633i1g==",
        "dependencies": {
          "@octokit/auth-oauth-device": "@octokit/auth-oauth-device@8.0.1",
          "@octokit/auth-oauth-user": "@octokit/auth-oauth-user@6.0.0",
          "@octokit/request": "@octokit/request@10.0.3",
          "@octokit/types": "@octokit/types@14.1.0",
          "universal-user-agent": "universal-user-agent@7.0.3"
        }
      },
      "@octokit/auth-oauth-device@8.0.1": {
        "integrity": "sha512-TOqId/+am5yk9zor0RGibmlqn4V0h8vzjxlw/wYr3qzkQxl8aBPur384D1EyHtqvfz0syeXji4OUvKkHvxk/Gw==",
        "dependencies": {
          "@octokit/oauth-methods": "@octokit/oauth-methods@6.0.0",
          "@octokit/request": "@octokit/request@10.0.3",
          "@octokit/types": "@octokit/types@14.1.0",
          "universal-user-agent": "universal-user-agent@7.0.3"
        }
      },
      "@octokit/auth-oauth-user@6.0.0": {
        "integrity": "sha512-GV9IW134PHsLhtUad21WIeP9mlJ+QNpFd6V9vuPWmaiN25HEJeEQUcS4y5oRuqCm9iWDLtfIs+9K8uczBXKr6A==",
        "dependencies": {
          "@octokit/auth-oauth-device": "@octokit/auth-oauth-device@8.0.1",
          "@octokit/oauth-methods": "@octokit/oauth-methods@6.0.0",
          "@octokit/request": "@octokit/request@10.0.3",
          "@octokit/types": "@octokit/types@14.1.0",
          "universal-user-agent": "universal-user-agent@7.0.3"
        }
      },
      "@octokit/auth-token@6.0.0": {
        "integrity": "sha512-P4YJBPdPSpWTQ1NU4XYdvHvXJJDxM6YwpS0FZHRgP7YFkdVxsWcpWGy/NVqlAA7PcPCnMacXlRm1y2PFZRWL/w==",
        "dependencies": {}
      },
      "@octokit/auth-unauthenticated@7.0.1": {
        "integrity": "sha512-qVq1vdjLLZdE8kH2vDycNNjuJRCD1q2oet1nA/GXWaYlpDxlR7rdVhX/K/oszXslXiQIiqrQf+rdhDlA99JdTQ==",
        "dependencies": {
          "@octokit/request-error": "@octokit/request-error@7.0.0",
          "@octokit/types": "@octokit/types@14.1.0"
        }
      },
      "@octokit/core@7.0.2": {
        "integrity": "sha512-ODsoD39Lq6vR6aBgvjTnA3nZGliknKboc9Gtxr7E4WDNqY24MxANKcuDQSF0jzapvGb3KWOEDrKfve4HoWGK+g==",
        "dependencies": {
          "@octokit/auth-token": "@octokit/auth-token@6.0.0",
          "@octokit/graphql": "@octokit/graphql@9.0.1",
          "@octokit/request": "@octokit/request@10.0.3",
          "@octokit/request-error": "@octokit/request-error@7.0.0",
          "@octokit/types": "@octokit/types@14.1.0",
          "before-after-hook": "before-after-hook@4.0.0",
          "universal-user-agent": "universal-user-agent@7.0.3"
        }
      },
      "@octokit/endpoint@11.0.0": {
        "integrity": "sha512-hoYicJZaqISMAI3JfaDr1qMNi48OctWuOih1m80bkYow/ayPw6Jj52tqWJ6GEoFTk1gBqfanSoI1iY99Z5+ekQ==",
        "dependencies": {
          "@octokit/types": "@octokit/types@14.1.0",
          "universal-user-agent": "universal-user-agent@7.0.3"
        }
      },
      "@octokit/graphql@9.0.1": {
        "integrity": "sha512-j1nQNU1ZxNFx2ZtKmL4sMrs4egy5h65OMDmSbVyuCzjOcwsHq6EaYjOTGXPQxgfiN8dJ4CriYHk6zF050WEULg==",
        "dependencies": {
          "@octokit/request": "@octokit/request@10.0.3",
          "@octokit/types": "@octokit/types@14.1.0",
          "universal-user-agent": "universal-user-agent@7.0.3"
        }
      },
      "@octokit/oauth-app@8.0.1": {
        "integrity": "sha512-QnhMYEQpnYbEPn9cae+wXL2LuPMFglmfeuDJXXsyxIXdoORwkLK8y0cHhd/5du9MbO/zdG/BXixzB7EEwU63eQ==",
        "dependencies": {
          "@octokit/auth-oauth-app": "@octokit/auth-oauth-app@9.0.1",
          "@octokit/auth-oauth-user": "@octokit/auth-oauth-user@6.0.0",
          "@octokit/auth-unauthenticated": "@octokit/auth-unauthenticated@7.0.1",
          "@octokit/core": "@octokit/core@7.0.2",
          "@octokit/oauth-authorization-url": "@octokit/oauth-authorization-url@8.0.0",
          "@octokit/oauth-methods": "@octokit/oauth-methods@6.0.0",
          "@types/aws-lambda": "@types/aws-lambda@8.10.150",
          "universal-user-agent": "universal-user-agent@7.0.3"
        }
      },
      "@octokit/oauth-authorization-url@8.0.0": {
        "integrity": "sha512-7QoLPRh/ssEA/HuHBHdVdSgF8xNLz/Bc5m9fZkArJE5bb6NmVkDm3anKxXPmN1zh6b5WKZPRr3697xKT/yM3qQ==",
        "dependencies": {}
      },
      "@octokit/oauth-methods@6.0.0": {
        "integrity": "sha512-Q8nFIagNLIZgM2odAraelMcDssapc+lF+y3OlcIPxyAU+knefO8KmozGqfnma1xegRDP4z5M73ABsamn72bOcA==",
        "dependencies": {
          "@octokit/oauth-authorization-url": "@octokit/oauth-authorization-url@8.0.0",
          "@octokit/request": "@octokit/request@10.0.3",
          "@octokit/request-error": "@octokit/request-error@7.0.0",
          "@octokit/types": "@octokit/types@14.1.0"
        }
      },
      "@octokit/openapi-types@25.1.0": {
        "integrity": "sha512-idsIggNXUKkk0+BExUn1dQ92sfysJrje03Q0bv0e+KPLrvyqZF8MnBpFz8UNfYDwB3Ie7Z0TByjWfzxt7vseaA==",
        "dependencies": {}
      },
      "@octokit/openapi-webhooks-types@12.0.3": {
        "integrity": "sha512-90MF5LVHjBedwoHyJsgmaFhEN1uzXyBDRLEBe7jlTYx/fEhPAk3P3DAJsfZwC54m8hAIryosJOL+UuZHB3K3yA==",
        "dependencies": {}
      },
      "@octokit/plugin-paginate-graphql@6.0.0_@octokit+core@7.0.2": {
        "integrity": "sha512-crfpnIoFiBtRkvPqOyLOsw12XsveYuY2ieP6uYDosoUegBJpSVxGwut9sxUgFFcll3VTOTqpUf8yGd8x1OmAkQ==",
        "dependencies": {
          "@octokit/core": "@octokit/core@7.0.2"
        }
      },
      "@octokit/plugin-paginate-rest@13.1.0_@octokit+core@7.0.2": {
        "integrity": "sha512-16iNOa4rTTjaWtfsPGJcYYL79FJakseX8TQFIPfVuSPC3s5nkS/DSNQPFPc5lJHgEDBWNMxSApHrEymNblhA9w==",
        "dependencies": {
          "@octokit/core": "@octokit/core@7.0.2",
          "@octokit/types": "@octokit/types@14.1.0"
        }
      },
      "@octokit/plugin-rest-endpoint-methods@16.0.0_@octokit+core@7.0.2": {
        "integrity": "sha512-kJVUQk6/dx/gRNLWUnAWKFs1kVPn5O5CYZyssyEoNYaFedqZxsfYs7DwI3d67hGz4qOwaJ1dpm07hOAD1BXx6g==",
        "dependencies": {
          "@octokit/core": "@octokit/core@7.0.2",
          "@octokit/types": "@octokit/types@14.1.0"
        }
      },
      "@octokit/plugin-retry@8.0.1_@octokit+core@7.0.2": {
        "integrity": "sha512-KUoYR77BjF5O3zcwDQHRRZsUvJwepobeqiSSdCJ8lWt27FZExzb0GgVxrhhfuyF6z2B2zpO0hN5pteni1sqWiw==",
        "dependencies": {
          "@octokit/core": "@octokit/core@7.0.2",
          "@octokit/request-error": "@octokit/request-error@7.0.0",
          "@octokit/types": "@octokit/types@14.1.0",
          "bottleneck": "bottleneck@2.19.5"
        }
      },
      "@octokit/plugin-throttling@11.0.1_@octokit+core@7.0.2": {
        "integrity": "sha512-S+EVhy52D/272L7up58dr3FNSMXWuNZolkL4zMJBNIfIxyZuUcczsQAU4b5w6dewJXnKYVgSHSV5wxitMSW1kw==",
        "dependencies": {
          "@octokit/core": "@octokit/core@7.0.2",
          "@octokit/types": "@octokit/types@14.1.0",
          "bottleneck": "bottleneck@2.19.5"
        }
      },
      "@octokit/request-error@7.0.0": {
        "integrity": "sha512-KRA7VTGdVyJlh0cP5Tf94hTiYVVqmt2f3I6mnimmaVz4UG3gQV/k4mDJlJv3X67iX6rmN7gSHCF8ssqeMnmhZg==",
        "dependencies": {
          "@octokit/types": "@octokit/types@14.1.0"
        }
      },
      "@octokit/request@10.0.3": {
        "integrity": "sha512-V6jhKokg35vk098iBqp2FBKunk3kMTXlmq+PtbV9Gl3TfskWlebSofU9uunVKhUN7xl+0+i5vt0TGTG8/p/7HA==",
        "dependencies": {
          "@octokit/endpoint": "@octokit/endpoint@11.0.0",
          "@octokit/request-error": "@octokit/request-error@7.0.0",
          "@octokit/types": "@octokit/types@14.1.0",
          "fast-content-type-parse": "fast-content-type-parse@3.0.0",
          "universal-user-agent": "universal-user-agent@7.0.3"
        }
      },
      "@octokit/types@14.1.0": {
        "integrity": "sha512-1y6DgTy8Jomcpu33N+p5w58l6xyt55Ar2I91RPiIA0xCJBXyUAhXCcmZaDWSANiha7R9a6qJJ2CRomGPZ6f46g==",
        "dependencies": {
          "@octokit/openapi-types": "@octokit/openapi-types@25.1.0"
        }
      },
      "@octokit/webhooks-methods@6.0.0": {
        "integrity": "sha512-MFlzzoDJVw/GcbfzVC1RLR36QqkTLUf79vLVO3D+xn7r0QgxnFoLZgtrzxiQErAjFUOdH6fas2KeQJ1yr/qaXQ==",
        "dependencies": {}
      },
      "@octokit/webhooks@14.0.2": {
        "integrity": "sha512-16TtZXNOfH8RaRsV+iag5dTYeJvdOdZDBcpEPCULdKS3eTRJqAYxBNZPFaDJ3cx3WNyvbaQ0IxsPpnaR/tgGFA==",
        "dependencies": {
          "@octokit/openapi-webhooks-types": "@octokit/openapi-webhooks-types@12.0.3",
          "@octokit/request-error": "@octokit/request-error@7.0.0",
          "@octokit/webhooks-methods": "@octokit/webhooks-methods@6.0.0"
        }
      },
      "@types/aws-lambda@8.10.150": {
        "integrity": "sha512-AX+AbjH/rH5ezX1fbK8onC/a+HyQHo7QGmvoxAE42n22OsciAxvZoZNEr22tbXs8WfP1nIsBjKDpgPm3HjOZbA==",
        "dependencies": {}
      },
      "before-after-hook@4.0.0": {
        "integrity": "sha512-q6tR3RPqIB1pMiTRMFcZwuG5T8vwp+vUvEG0vuI6B+Rikh5BfPp2fQ82c925FOs+b0lcFQ8CFrL+KbilfZFhOQ==",
        "dependencies": {}
      },
      "bottleneck@2.19.5": {
        "integrity": "sha512-VHiNCbI1lKdl44tGrhNfU3lup0Tj/ZBMJB5/2ZbNXRCPuRCO7ed2mgcK4r17y+KB2EfuYuRaVlwNbAeaWGSpbw==",
        "dependencies": {}
      },
      "fast-content-type-parse@3.0.0": {
        "integrity": "sha512-ZvLdcY8P+N8mGQJahJV5G4U88CSvT1rP8ApL6uETe88MBXrBHAkZlSEySdUlyztF7ccb+Znos3TFqaepHxdhBg==",
        "dependencies": {}
      },
      "octokit@5.0.3_@octokit+core@7.0.2": {
        "integrity": "sha512-+bwYsAIRmYv30NTmBysPIlgH23ekVDriB07oRxlPIAH5PI0yTMSxg5i5Xy0OetcnZw+nk/caD4szD7a9YZ3QyQ==",
        "dependencies": {
          "@octokit/app": "@octokit/app@16.0.1_@octokit+core@7.0.2",
          "@octokit/core": "@octokit/core@7.0.2",
          "@octokit/oauth-app": "@octokit/oauth-app@8.0.1",
          "@octokit/plugin-paginate-graphql": "@octokit/plugin-paginate-graphql@6.0.0_@octokit+core@7.0.2",
          "@octokit/plugin-paginate-rest": "@octokit/plugin-paginate-rest@13.1.0_@octokit+core@7.0.2",
          "@octokit/plugin-rest-endpoint-methods": "@octokit/plugin-rest-endpoint-methods@16.0.0_@octokit+core@7.0.2",
          "@octokit/plugin-retry": "@octokit/plugin-retry@8.0.1_@octokit+core@7.0.2",
          "@octokit/plugin-throttling": "@octokit/plugin-throttling@11.0.1_@octokit+core@7.0.2",
          "@octokit/request-error": "@octokit/request-error@7.0.0",
          "@octokit/types": "@octokit/types@14.1.0",
          "@octokit/webhooks": "@octokit/webhooks@14.0.2"
        }
      },
      "toad-cache@3.7.0": {
        "integrity": "sha512-/m8M+2BJUpoJdgAHoG+baCwBT+tf2VraSfkBgl0Y00qIWt41DJ8R5B8nsEw0I58YwF5IZH6z24/2TobDKnqSWw==",
        "dependencies": {}
      },
      "universal-github-app-jwt@2.2.2": {
        "integrity": "sha512-dcmbeSrOdTnsjGjUfAlqNDJrhxXizjAz94ija9Qw8YkZ1uu0d+GoZzyH+Jb9tIIqvGsadUfwg+22k5aDqqwzbw==",
        "dependencies": {}
      },
      "universal-user-agent@7.0.3": {
        "integrity": "sha512-TmnEAEAsBJVZM/AADELsK76llnwcf9vMKuPz8JflO1frO8Lchitr0fNaN9d+Ap0BjKtqWqd/J17qeDnXh8CL2A==",
        "dependencies": {}
      }
    }
  },
  "redirects": {
    "https://esm.sh/@octokit/app@^15.1.4?target=denonext": "https://esm.sh/@octokit/app@15.1.5?target=denonext",
    "https://esm.sh/@octokit/auth-app@^7.1.5?target=denonext": "https://esm.sh/@octokit/auth-app@7.1.5?target=denonext",
    "https://esm.sh/@octokit/auth-oauth-app@^8.1.3?target=denonext": "https://esm.sh/@octokit/auth-oauth-app@8.1.3?target=denonext",
    "https://esm.sh/@octokit/auth-oauth-device@^7.1.3?target=denonext": "https://esm.sh/@octokit/auth-oauth-device@7.1.4?target=denonext",
    "https://esm.sh/@octokit/auth-oauth-user@^5.1.3?target=denonext": "https://esm.sh/@octokit/auth-oauth-user@5.1.3?target=denonext",
    "https://esm.sh/@octokit/auth-token@^5.0.0?target=denonext": "https://esm.sh/@octokit/auth-token@5.1.2?target=denonext",
    "https://esm.sh/@octokit/auth-unauthenticated@^6.1.2?target=denonext": "https://esm.sh/@octokit/auth-unauthenticated@6.1.2?target=denonext",
    "https://esm.sh/@octokit/core@^6.1.4?target=denonext": "https://esm.sh/@octokit/core@6.1.4?target=denonext",
    "https://esm.sh/@octokit/endpoint@^10.1.3?target=denonext": "https://esm.sh/@octokit/endpoint@10.1.3?target=denonext",
    "https://esm.sh/@octokit/graphql@^8.1.2?target=denonext": "https://esm.sh/@octokit/graphql@8.2.1?target=denonext",
    "https://esm.sh/@octokit/oauth-app@^7.1.6?target=denonext": "https://esm.sh/@octokit/oauth-app@7.1.6?target=denonext",
    "https://esm.sh/@octokit/oauth-authorization-url@^7.0.0?target=denonext": "https://esm.sh/@octokit/oauth-authorization-url@7.1.1?target=denonext",
    "https://esm.sh/@octokit/oauth-methods@^5.1.3?target=denonext": "https://esm.sh/@octokit/oauth-methods@5.1.4?target=denonext",
    "https://esm.sh/@octokit/oauth-methods@^5.1.4?target=denonext": "https://esm.sh/@octokit/oauth-methods@5.1.4?target=denonext",
    "https://esm.sh/@octokit/plugin-paginate-graphql@^5.2.4?target=denonext": "https://esm.sh/@octokit/plugin-paginate-graphql@5.2.4?target=denonext",
    "https://esm.sh/@octokit/plugin-paginate-rest@^11.4.2?target=denonext": "https://esm.sh/@octokit/plugin-paginate-rest@11.6.0?target=denonext",
    "https://esm.sh/@octokit/plugin-rest-endpoint-methods@^13.3.1?target=denonext": "https://esm.sh/@octokit/plugin-rest-endpoint-methods@13.5.0?target=denonext",
    "https://esm.sh/@octokit/plugin-retry@^7.1.4?target=denonext": "https://esm.sh/@octokit/plugin-retry@7.2.0?target=denonext",
    "https://esm.sh/@octokit/plugin-throttling@^9.4.0?target=denonext": "https://esm.sh/@octokit/plugin-throttling@9.6.0?target=denonext",
    "https://esm.sh/@octokit/request-error@^6.1.7?target=denonext": "https://esm.sh/@octokit/request-error@6.1.7?target=denonext",
    "https://esm.sh/@octokit/request@^9.2.1?target=denonext": "https://esm.sh/@octokit/request@9.2.2?target=denonext",
    "https://esm.sh/@octokit/request@^9.2.2?target=denonext": "https://esm.sh/@octokit/request@9.2.2?target=denonext",
    "https://esm.sh/@octokit/webhooks-methods@^5.1.1?target=denonext": "https://esm.sh/@octokit/webhooks-methods@5.1.1?target=denonext",
    "https://esm.sh/@octokit/webhooks@^13.6.1?target=denonext": "https://esm.sh/@octokit/webhooks@13.7.5?target=denonext",
    "https://esm.sh/before-after-hook@^3.0.2?target=denonext": "https://esm.sh/before-after-hook@3.0.2?target=denonext",
    "https://esm.sh/bottleneck@^2.15.3/light?target=denonext": "https://esm.sh/bottleneck@2.19.5/light?target=denonext",
    "https://esm.sh/fast-content-type-parse@^2.0.0?target=denonext": "https://esm.sh/fast-content-type-parse@2.0.1?target=denonext",
    "https://esm.sh/toad-cache@^3.7.0?target=denonext": "https://esm.sh/toad-cache@3.7.0?target=denonext",
    "https://esm.sh/universal-github-app-jwt@^2.2.0?target=denonext": "https://esm.sh/universal-github-app-jwt@2.2.2?target=denonext",
    "https://esm.sh/universal-user-agent@^7.0.0?target=denonext": "https://esm.sh/universal-user-agent@7.0.2?target=denonext",
    "https://esm.sh/universal-user-agent@^7.0.2?target=denonext": "https://esm.sh/universal-user-agent@7.0.2?target=denonext"
  },
  "remote": {
    "https://esm.r0b.io/gruber@0.7.0/core/authentication.ts": "f6f247725dcde3cf35decc9ca229292817288ebd44aa7ff6697d0c4a3e3c401c",
    "https://esm.r0b.io/gruber@0.7.0/core/authorization.ts": "191614d7443d7ea37778efd1bd3c9009bb765d992d2d4e72b6dc8fdd6312fcc6",
    "https://esm.r0b.io/gruber@0.7.0/core/configuration.ts": "b5f9bff43a27bbdf5fe673434633113f253643a9e3d7bff09c71ae80eab87f9d",
    "https://esm.r0b.io/gruber@0.7.0/core/fetch-router.ts": "a6c9d05bf999f7595b9610aa8a809e767f7f51d31c40b29f1a5522bc2f124996",
    "https://esm.r0b.io/gruber@0.7.0/core/http.ts": "278fc2d38f8455df13bb964bbdf86fde6d5f1e88cee4e67f9067888e86828aa4",
    "https://esm.r0b.io/gruber@0.7.0/core/migrator.ts": "fdf4de706a6e6f5d8564186d061a3f0aae36de0f6ee5da80458afdd5e101540a",
    "https://esm.r0b.io/gruber@0.7.0/core/mod.ts": "1520793be5542b7f2115469a47fba7a76ca779e40d5e248ebe70cb6c6b0893d9",
    "https://esm.r0b.io/gruber@0.7.0/core/postgres.ts": "fb20181f62b5f43af4792b56998f089fdfd6617b3cc8efda21a77406d1eda64b",
    "https://esm.r0b.io/gruber@0.7.0/core/random.ts": "a285d8a40297012a10aaaa0edae3ec6982d18d8947c9108f7d2602073629d346",
    "https://esm.r0b.io/gruber@0.7.0/core/server-sent-events.ts": "f32acc06d9c1d8a6595667e32b4ee28f017888500a50dd74efdb5ea7efa4391b",
    "https://esm.r0b.io/gruber@0.7.0/core/store.ts": "ee8cc77f557b531e3f9764d4f4c9c0e7ba9db311961bf07314b3d47604e0e04c",
    "https://esm.r0b.io/gruber@0.7.0/core/structures.ts": "a91412d156af4c0d4a4cea23beb9ce0e9b0d2c704ae29bf2dd831380aae2e08c",
    "https://esm.r0b.io/gruber@0.7.0/core/terminator.ts": "c8297a6ab8ff8d446f4747c5f5985bda96bb86923ab6bf5eca4f3205f4db94d4",
    "https://esm.r0b.io/gruber@0.7.0/core/timers.ts": "8ad69f0504897c53b5f745c19422bb245be6a0ee90a19e507af6d62a7817f899",
    "https://esm.r0b.io/gruber@0.7.0/core/tokens.ts": "04edbd0c8fb78a4a265176beead44b28defeb260aff9b9dab0d3b6a8f6dc3ede",
    "https://esm.r0b.io/gruber@0.7.0/core/types.ts": "63e49b8fd9c00035d857de987fc431fa7eea375ed1ad1e4c87c1d6ffd2061e0d",
    "https://esm.r0b.io/gruber@0.7.0/core/utilities.ts": "8faa9e736235b89cf3201078241dff5b769a19198ceef0cc073dc4add8512696",
    "https://esm.r0b.io/gruber@0.7.0/mod.ts": "9f2c758d6b1c8a4d38b82dc0b3412aec95f5e0ec87e512fb6df60d6b8bfe89c9",
    "https://esm.r0b.io/gruber@0.7.0/source/configuration.ts": "f7e8c81f02b5e052dc1e0b7f823c91ce97af5691cd33de47d2e2f0137a8832a9",
    "https://esm.r0b.io/gruber@0.7.0/source/core.ts": "08d320b93a322869655cb7b72f13e4a09a3007c565a24f006067f0fa8e5618e2",
    "https://esm.r0b.io/gruber@0.7.0/source/deno-router.ts": "cacc142eba099c3d835048644146954fe44a57d5b05f24312659fad1ec950471",
    "https://esm.r0b.io/gruber@0.7.0/source/deps.ts": "6571243a2660763cc81b4c8350514729ebe7509d4456cf37b35c25852f8c8d57",
    "https://esm.r0b.io/gruber@0.7.0/source/mod.ts": "7d45006ed720a86612c46bfcfec673b80b1d05cd580783452e9e35c5716ead85",
    "https://esm.r0b.io/gruber@0.7.0/source/postgres.ts": "67992e612c67e2a39c9fa4b79cbe6ab0156c372b1f9ea2ce21ea7fd0f95ab360",
    "https://esm.r0b.io/gruber@0.7.0/source/terminator.ts": "8f9bf9c7854d5fbceff146bfc152186f44321ac7452dcbb87c6d94e8a2365d94",
    "https://esm.sh/@octokit/app@15.1.5/denonext/app.mjs": "c612a33ce4b4217fb88aaf9ffa35682a193fed03241a482a619ce00be0347df4",
    "https://esm.sh/@octokit/app@15.1.5?target=denonext": "3ad473eaced2a2fff41a94ab3a444c2097dd94a0c82a65d04ac65d243a3a65d8",
    "https://esm.sh/@octokit/auth-app@7.1.5/denonext/auth-app.mjs": "44b4821a679311f9434667a4398f065375ea01d6ba03dc880802fc7143573f48",
    "https://esm.sh/@octokit/auth-app@7.1.5?target=denonext": "926c8d214547e45b9db60cf2a9994d7066b299c4d58253add4f00c6f480b1141",
    "https://esm.sh/@octokit/auth-oauth-app@8.1.3/denonext/auth-oauth-app.mjs": "2720aabb57c80d9c06cb0fa147e3bebe9529754cfe4efb802d334769b9504424",
    "https://esm.sh/@octokit/auth-oauth-app@8.1.3?target=denonext": "0e2fea489aa5fbc80e6128168fcd413a50ddaecf8609cd00a35dce4cd6d9209e",
    "https://esm.sh/@octokit/auth-oauth-device@7.1.4/denonext/auth-oauth-device.mjs": "3f9ca041b9987294e4226af03bc33d957cfa27c3aa184d4c22bac8500a5244fa",
    "https://esm.sh/@octokit/auth-oauth-device@7.1.4?target=denonext": "895f9f2e8b45bada1e31e179fffecdf7d8c6b69a98feb5c786e5ade8c2c6fc49",
    "https://esm.sh/@octokit/auth-oauth-user@5.1.3/denonext/auth-oauth-user.mjs": "012a7f86d6af44f265f1ab353a400479fbab2b1c7f2da5c3f4f83705db23fab9",
    "https://esm.sh/@octokit/auth-oauth-user@5.1.3?target=denonext": "694a76e4f972fe79f74d3477ec702861d9dc0fc9982dda15febe8c1bb670c0b9",
    "https://esm.sh/@octokit/auth-token@5.1.2/denonext/auth-token.mjs": "360feb2cb940bfa2e20ba6e5b7c366b207e7b8cb3a2ff983f3d33b19087cdc50",
    "https://esm.sh/@octokit/auth-token@5.1.2?target=denonext": "0e5dc846d0c00da36580f08e0d4115526daf6256acf07fabedc06716dfbf72c9",
    "https://esm.sh/@octokit/auth-unauthenticated@6.1.2/denonext/auth-unauthenticated.mjs": "a00c60dae1f35c2366cb3105db2273ff50db2fd998852f954c5111ac7edde5c0",
    "https://esm.sh/@octokit/auth-unauthenticated@6.1.2?target=denonext": "a11965e7030a535c6b964d3c2da003b1f2f6ea16475ab49461c17ae0dc863ea3",
    "https://esm.sh/@octokit/core@6.1.4/denonext/core.mjs": "5ba84e79402a74b5fc90a5ac789095383cc05aba3d713ed1b15628d8563e23cb",
    "https://esm.sh/@octokit/core@6.1.4?target=denonext": "4307d497897c3f619a859db1fa3a8e6ba099ec915999bb13efe32615c8a75ea5",
    "https://esm.sh/@octokit/endpoint@10.1.3/denonext/endpoint.mjs": "ee30211e2130c718703820a3e97761185cede0fcd572f4fe495d7eafe1e27fe5",
    "https://esm.sh/@octokit/endpoint@10.1.3?target=denonext": "58fb4a907dc5c4117f96fa52aa0d3d0db4437972c3f032f5899ccf041b04628f",
    "https://esm.sh/@octokit/graphql@8.2.1/denonext/graphql.mjs": "94a4e53110f4a842c0d1ab1805809b0fb45a1f1cbdc26a23d23aafc908742679",
    "https://esm.sh/@octokit/graphql@8.2.1?target=denonext": "7735a5089317f0f3dcf03393ae1d7cf1dbb64010afaad51a8d91ed5c317f06aa",
    "https://esm.sh/@octokit/oauth-app@7.1.6/denonext/oauth-app.mjs": "110cf1212f5c27cdfdbcf06d27dc0886988759f89ac9658344c5923f406eafaf",
    "https://esm.sh/@octokit/oauth-app@7.1.6?target=denonext": "eeda7abed63446b5cbf1c91b7500ae6d478ee19eb9d0defab9f0ab6cee8c2f6b",
    "https://esm.sh/@octokit/oauth-authorization-url@7.1.1/denonext/oauth-authorization-url.mjs": "209de15074485c12e6bffaed0f33d857c789df4a577b19ddbd78caa9646b77dc",
    "https://esm.sh/@octokit/oauth-authorization-url@7.1.1?target=denonext": "fdaed10ede57c5e5a3ae67b487331336916d5401d366bed1425515e104b95de1",
    "https://esm.sh/@octokit/oauth-methods@5.1.4/denonext/oauth-methods.mjs": "9dc205f748b8d39705b33b81517dd4e0b6314dd32e005f2572603aa474ce3405",
    "https://esm.sh/@octokit/oauth-methods@5.1.4?target=denonext": "a4dbcd32a0043108b74f6a041239577eef0e72f415582094ed921cec003cfaa7",
    "https://esm.sh/@octokit/plugin-paginate-graphql@5.2.4/denonext/plugin-paginate-graphql.mjs": "a2b0869cb5eb1e14516d1d2ba227e2b968afe05ed9b3895f005ac196e7b5c5a1",
    "https://esm.sh/@octokit/plugin-paginate-graphql@5.2.4?target=denonext": "1512bade9daddb1ffe8fc46693db5dd3df429d51264e6848e3de3ea0cd16bc61",
    "https://esm.sh/@octokit/plugin-paginate-rest@11.6.0/denonext/plugin-paginate-rest.mjs": "3b0f2ea212b5a155958f666722e87c6cb234640237957464697dc07566e229a6",
    "https://esm.sh/@octokit/plugin-paginate-rest@11.6.0?target=denonext": "b820f92a30ec49b49591322b5d05a9d844a0a5d112b7a03481d2bc343c6b4098",
    "https://esm.sh/@octokit/plugin-rest-endpoint-methods@13.5.0/denonext/plugin-rest-endpoint-methods.mjs": "4464620b1ec640063b3a6fe7815a1f43762a358e4dc5213214f4381fb43be90a",
    "https://esm.sh/@octokit/plugin-rest-endpoint-methods@13.5.0?target=denonext": "663c1c7a573d9d94942c8ba123aed167385089f11f538c558874609ed9f96326",
    "https://esm.sh/@octokit/plugin-retry@7.2.0/denonext/plugin-retry.mjs": "ff7711066123863e659039e620398ca4f92735c18a81184e7be815becb02b152",
    "https://esm.sh/@octokit/plugin-retry@7.2.0?target=denonext": "5b067254c752e7849a6141645272ed656ba0cebc65caea7202e3d3f4271fe3f3",
    "https://esm.sh/@octokit/plugin-throttling@9.6.0/denonext/plugin-throttling.mjs": "08d75820c2b2d96b9808e793e2f7c5d7dcf7b3b5f8b3b4341474aa6e5577c932",
    "https://esm.sh/@octokit/plugin-throttling@9.6.0?target=denonext": "7b9c825f7da2e949dcf37ea680d195683cc92ebb0e4e377a43bed80f88df6839",
    "https://esm.sh/@octokit/request-error@6.1.7/denonext/request-error.mjs": "a78094bd74d2b9b3cb6a38f18e43c3ee31534ff726d65eebf174a324b22ca60b",
    "https://esm.sh/@octokit/request-error@6.1.7?target=denonext": "f3b59c5f039efcc2c5e7946a1e0be7cd1f50297b13f81a99a00587f124fb69cd",
    "https://esm.sh/@octokit/request@9.2.2/denonext/request.mjs": "02df528ded430496e93415ce7b291a8b91cdd827f9724f898cf4db7e31988bae",
    "https://esm.sh/@octokit/request@9.2.2?target=denonext": "cfe43f13ac51e7494375f0cc1a81aeedebcb95cfb6b9cca468db0c3d7c786a15",
    "https://esm.sh/@octokit/webhooks-methods@5.1.1/denonext/webhooks-methods.mjs": "73c8d2b1c773a5dfb5204386359e5a2dc319ccb355931fa079b7d776918be788",
    "https://esm.sh/@octokit/webhooks-methods@5.1.1?target=denonext": "a138d6817e44038c76d842c3bc581e5737a3bcf61409c0d1515c5dcf0fd33330",
    "https://esm.sh/@octokit/webhooks@13.7.5/denonext/webhooks.mjs": "b048a7248873e92ecb449d89970f99eb3cea569e29ad678f85c6ac0f4d47aea3",
    "https://esm.sh/@octokit/webhooks@13.7.5?target=denonext": "9d7083030796c80f60125c3258ed835ea70aeff70dfcd5f26089166b4e7d2294",
    "https://esm.sh/before-after-hook@3.0.2/denonext/before-after-hook.mjs": "1a862839e15e4816de946c11023cbec3cb1d276e3a86073adfaac9dca6871aca",
    "https://esm.sh/before-after-hook@3.0.2?target=denonext": "923592fc40b4609eac335800f88c890d81c5f5f12e0b22fd8fd0646313c634f7",
    "https://esm.sh/bottleneck@2.19.5/denonext/light.mjs": "943b72d08b33e678a4f64bf2ce9a0468f9356ee65092af9c893fa25d3be6518b",
    "https://esm.sh/bottleneck@2.19.5/light?target=denonext": "c53ee9007926e5a49e291e0a0f2e1113735d65271a33eb609ac9ad309def4878",
    "https://esm.sh/fast-content-type-parse@2.0.1/denonext/fast-content-type-parse.mjs": "436d0ff6ce4508efcb9023892d25cc9d7eb321e9321a0d3aaf870300dc2e8578",
    "https://esm.sh/fast-content-type-parse@2.0.1?target=denonext": "7170ebd0186887d73afc67050a28e5350171e5e842e82a10309e829eabdf138a",
    "https://esm.sh/octokit@4.1.2/denonext/octokit.mjs": "72cc8d59ca5e13ad13b4b4d7fe3520f3d3a2911ee1c3147af919b236b66aebbe",
    "https://esm.sh/octokit@4.1.2?dts": "413ab6872b53b14ff4a79e82b40f4234dba32718da6f1bc7b7f5d3e17a0929c3",
    "https://esm.sh/toad-cache@3.7.0/denonext/toad-cache.mjs": "63b78525dcc99d8f736de244e46b306b2b5f6c72db75bf1d230230d46a06ab37",
    "https://esm.sh/toad-cache@3.7.0?target=denonext": "e17c2f2729b3268a6ecb412b975002ebaa66894c2e5e0a657a38d1176a1f02d4",
    "https://esm.sh/universal-github-app-jwt@2.2.2/denonext/universal-github-app-jwt.mjs": "0dc5ffa5cc5ade7551ba091da562b72840d624a78a28af985088f5e994b3c53a",
    "https://esm.sh/universal-github-app-jwt@2.2.2?target=denonext": "30b600b05e1b5a3b5c282d285461807b79950da3812dfe040b46a46ecdd3219b",
    "https://esm.sh/universal-user-agent@7.0.2/denonext/universal-user-agent.mjs": "c5370728870841e1061776d12f5776929bb04945b0f8d5e4251207eab57d35ea",
    "https://esm.sh/universal-user-agent@7.0.2?target=denonext": "1c7589a3ed835be8bf13e6c78c7d507af65b7945b92edbf3ad25428e60e072f4"
  },
  "workspace": {
    "dependencies": [
      "npm:octokit@^5.0.3"
    ]
  }
}
